# This file was autogenerated by uv via the following command:
#    uv pip compile ci/infra-requirements.in --generate-hashes --output-file ci/infra-requirements.lock
boto3==1.43.89 \
    --hash=sha256:c28abbe472e9b7cad08807356311aeec51bde5218c18489da827045d2267bfd9 \
    --hash=sha256:fe4190afe63eb562b6ba6a3911cf4427473b35fa047adde093bf696d3ae09fc0
    # via -r ci/infra-requirements.in
botocore==1.43.89 \
    --hash=sha256:d7211220c815427fe71225acc6909e4ab5dfab3b03770e72fd16cf9eb86b3d1a \
    --hash=sha256:f0574942970742657b0e0716cf08c2dfe6bef8e6de5fbb7081c3424e262b4cca
    # via
    #   boto3
    #   s3transfer
grpcio==1.83.1 \
    --hash=sha256:0468b627f2987c9a77f7580030207cbd85457ffe52998beff4f0b5c38c58a72c \
    --hash=sha256:05ba265193fbd9f63355311ec7567bba32a72aeb8e9fd7b3443e4fcad87b0750 \
    --hash=sha256:0d07661944477517b12a239e18720c8d9038f80a62f2c56260fae80327f43d2a \
    --hash=sha256:0f736f8359cf7cb8d0914a290999765a4342b0c35f01adc6e3ba24598f9d62b7 \
    --hash=sha256:145b0050d24eb38accd9dc7ae09a3c09b8e7330159f3cfb46b1dba8711d50c42 \
    --hash=sha256:16138031a47b771860a16a975b53087f4fd5bbdbb2c03a188c5d90ad65d2bdae \
    --hash=sha256:179368d9361854616ce6f397d4716e07480129652752fcbcfc5a7260455ad6f2 \
    --hash=sha256:1fea1ae4795d4790579995a4dd5e20e7494d358e29a340e8368dab9723264328 \
    --hash=sha256:20d944d967843f8183f9f23d5916388362e5f8eeeae855bbe4354d906dc9f31b \
    --hash=sha256:2110059146fb0ea216e1ffddb29377b5cc2fd412a5b0a92e102616bd5edf18c2 \
    --hash=sha256:215cec07d11176507387bda4bf2751816e880f9bff8dc1ca524bfbb8ed8f2fad \
    --hash=sha256:2a141f7bfc1601a0942405a8af6334ab21ba1dd0fa49b8427686df7beebd374d \
    --hash=sha256:2e57af456385491a76e13c4aada8c8f43a8e47051e06ea97a9dbe2a49654e6db \
    --hash=sha256:34f1841fc6d1d76f8a2d74177eafa2d1ec7d7e039633488c9fcc1b375a1fc165 \
    --hash=sha256:47e6934ad38779271e2e7cc5f78a63a407cf3d98114c65c1fdbcd3f5a716f29b \
    --hash=sha256:4910b62f7d12197160bfb7de06d876d64dd12d43483e8292f98f49ca09b628d9 \
    --hash=sha256:4e7c1468cf37cca17ab18bc8072901eed8daeb81685589ccd07988e5a750ee67 \
    --hash=sha256:547645f02499c972f3edec9be4db9997f1d03df307c1c199772342ed6d8b3c6d \
    --hash=sha256:55656318d5dd387077396dffb929171ca3966e24bfead9a6c5dba9f889062cb4 \
    --hash=sha256:583bf2e8255040a4a312f9572dfe62a05271437b149550e1a536d5c47d2d1e8a \
    --hash=sha256:5acd14c6ddf047de62cbf8745b11103ea91abbf57d1b8edd5395ccd9fcd13abb \
    --hash=sha256:5ccc26715fd4defca5e129e280dd883b1737b65045ec50ffe22ce42104089519 \
    --hash=sha256:5cce1d9fe2887239f054dc9c314597e04f33d2e6bd3150a91c4946d7e5be5d98 \
    --hash=sha256:623c87c6d4a1cb30d82c4e896f95477050f2e01b4a1f8cf91ff2b1abdf89c457 \
    --hash=sha256:65c5a7210911ffe0f67b1cdc5308f9854b6d1f1b345e3e49ab7cac1ba50fa346 \
    --hash=sha256:72578aa07a4008f17521ef52debcc3acfd1e2c5426243bc3ffb56a38bfe610b7 \
    --hash=sha256:7b94174cbca93316888f805efbeb08f1c020f7b7493d2d50cc4f6b64ebb7e8bd \
    --hash=sha256:7d43e3bd2b7d749c2dbd41c2cc83d550c3343d299a19acbbba9e37ad8c11fa8e \
    --hash=sha256:81bbf35a46bf8cad2dfbb2eccc19c711befb58b288acb534bbcd0d74283202a6 \
    --hash=sha256:8b3c87ca908296bf125f841d3e1a2225a2b39aaa8ed7a57e7ccde465ee519bab \
    --hash=sha256:8d228e253b77865efcbdd7b5894ca882c9e0ea98c02b7d20582e61ded8dfd4b5 \
    --hash=sha256:907a5e5afb31f7a46376afc1a1edddd7afa00a74bbbc5b78979bbc34479581f6 \
    --hash=sha256:947d945f52e8ecf3cafd2bb7113502a16ccfda3e12c854443094de32d83ad432 \
    --hash=sha256:9cee6fcbf2eb57c4b49451787bfa87be8efc1ca02a0b327dd4b54d44502e362b \
    --hash=sha256:9daf5acf4fc9d5f5627229969c2580a91e511779d76e4ccdeb9f4770f05d8bc2 \
    --hash=sha256:9e703effe3ae779925c82ac24fdb82cf4105e1096810151ed9501c5f34546b9c \
    --hash=sha256:a2aea8bd6e0a34f12cbaddb7bb70bec836818789fa5c7ab7572c6b745396a2d4 \
    --hash=sha256:a4a87dc86b0393257a11eb11e911c4c3456cbacd1c1ab9e9441060d9a3ad126b \
    --hash=sha256:a6a282e81530cead60bbd752cc04950a57f224379e9821495d6a35bd5ce9b1f4 \
    --hash=sha256:abce7d43ec29cd39230fa8339de1a07643b55adc412a454850fbd875349950ff \
    --hash=sha256:b59eaaeeb03dde0a2708095fb50f1afa94f11dc1b459bb7790b53bfb8cf95153 \
    --hash=sha256:b74f2a1d9ab1dfa3e263ef33d581613679b78d0884babf11671af26e45570ead \
    --hash=sha256:b7ace1f740b36fcd451a1bb96f71ee7650e60b308822baeb66a023965bc27f4b \
    --hash=sha256:c0f3f20c90e72a171917ae65706500b096a1c3eb5f162c3ce702a2e25635f132 \
    --hash=sha256:c12e1fc59c6dc26d10d9144453ddc6cbfe4cd4c31e874ed2d0132f88e685eb8b \
    --hash=sha256:c7e9e19413d43077d5a5c77b02ff82610209088e8f98da929347bc03d4c848d1 \
    --hash=sha256:d0dda8af248f6971555e1d4425f64864ce4e7369c5f8ef57c3e82a9bef77e22f \
    --hash=sha256:e256f95a40e3b0183a98556fb7164d24b97eeb353123ccabfcba94712b35ee2a \
    --hash=sha256:e572da3e247b28a98f46636d33c756e81ffb0f5def96c231ba45332333060595 \
    --hash=sha256:e844cdb25c3c93c7572e0a37137c12305efea493be4eb65801b3ee93f180c186 \
    --hash=sha256:f732feb060ef57c1a040c24cee072ba9fab99bd0a7d2c916ef3f1c4d84b98974
    # via pymilvus
jmespath==1.1.0 \
    --hash=sha256:472c87d80f36026ae83c6ddd0f1d05d4e510134ed462851fd5f754c8c3cbb88d \
    --hash=sha256:a5663118de4908c91729bea0acadca56526eb2698e83de10cd116ae0f4e97c64
    # via
    #   boto3
    #   botocore
numpy==2.5.2 \
    --hash=sha256:0090ccdd57ec2703e9b49d0bf554767370581c1dd0a6b2bb2b2d9def317d042a \
    --hash=sha256:078f9b027b478c9379b9677babbf0f8b8f1ecfada27636d7b9a93990c638739f \
    --hash=sha256:07d4e89f3a9ab0a9ba24264ccdb642b3dd951b2281e8883a5481a4aa79cc31a7 \
    --hash=sha256:0a4035ae1129ff8777f08bfbd44f1e5d8e9c049ce0c2dd78fc0d92c13e7251c0 \
    --hash=sha256:0aadf13b60048d501e05fa699efaf7734e2494f3498a4c2a5521d822640324f3 \
    --hash=sha256:14e373cfc6387177e8409dac3c7159be8eb05cd77096cd7c950268b86f62831c \
    --hash=sha256:1ab3d4a901f844ea836c3e80bf463c6a27d7f3c14e8e292fcf28d348b25b9bce \
    --hash=sha256:24b9dc2e3d84aa58523798805194e23e736f3f6ce2d1a5b92583ae734e6dbda8 \
    --hash=sha256:27650bb0e7140fa3d37b9923b4803645e0b125d190f326eecfd3f4dad8e8ade1 \
    --hash=sha256:28ac63476ec7651484215ee7fa15a1f78b57c14621f01e392afe17b9a1390ce4 \
    --hash=sha256:29b86ff8a6cc556b47ec6b64b194815cc80e6bf5eedcc6cddfd65318cb0b4eee \
    --hash=sha256:29d81e97f668489cba8ebfd796b9bdd453525d35dd9e162e2daec94bf3fc7740 \
    --hash=sha256:2cc779226e476d1e1f08c74068c419e60f41a9e0e069c92f6671d31d5c985e98 \
    --hash=sha256:2ffa7bacab3e2ee1b19ed31766bb60bb380b68c23f051e199c5cc598afd68710 \
    --hash=sha256:318b9a4c845dbea06708a29c84ee429cc3065048db34cdb799047643492050ee \
    --hash=sha256:34c319e2963be042673fb46570501b2f06c41924e17e3563d58646b4380dfb68 \
    --hash=sha256:3a2f061cebd9e3d23bdcfaaded5e2293a4c6a5b60fa42df85d410a725ce621bf \
    --hash=sha256:3cdec01fa790a186d430433fdd4d4ffb70eed6f0eeb4bf05c8dbe2dce0a9bcb8 \
    --hash=sha256:3e4c367352d3747784248a227fbec218e193b56f7e6692e3b64fc805478ecfdf \
    --hash=sha256:40f4d451aed46a8046a1aae41c4e55fb3612273df9c502480135e1501576a34b \
    --hash=sha256:44ef9675d908e65f9953063837c3277730f3f4437615a4cdab67b366cabaf884 \
    --hash=sha256:4bbd96c833ecc8cc069ce518078fc8c60cb9cbfb0fea5b7a803ad65035596d03 \
    --hash=sha256:4ec954036759bcee3aa484f8603bd9c14f3e776293b85578b8734c2d72777c69 \
    --hash=sha256:4f9744f9fbdcea0bc552e8f19e1f141f811a3f9bc2be2cc6e86d982cab23e3f4 \
    --hash=sha256:50a68f4bacd8a2b33d8da3d2269d0d78500f86ea582e4786dc10f5ef2c2c6842 \
    --hash=sha256:50e500dc868e9313530ce12ba470fe50ff3afe3d62993ed6eff652dacd555b65 \
    --hash=sha256:52c808f96484f5571a5cc863775ce50247c17dfb3b0361f8ed6b4b0456f80080 \
    --hash=sha256:5f8e00be2ec6f45f4e8a41a527f68d44a7d96fee92a650e4d8b1326f77f61e6e \
    --hash=sha256:60e902ac295855348a5ca2ea4c89108989a9f5fddfad3dfc0a8f36b10358567e \
    --hash=sha256:65f188481f1669e26f62b701e8205d19e460fa4a9b52a1414ba382330e4a3414 \
    --hash=sha256:6950c4b7dd562453090548ba7f5da7e59f57f85663f15d5dcc60e249192f7e59 \
    --hash=sha256:6a9bb119fb8dd21ba30b3f0e555b7e2b081bd9883af21ec9c1c633d161cda3a8 \
    --hash=sha256:6b588cc8f902d6bff201c19fd00c43ab8545671e3554d014e12e14139e5e8617 \
    --hash=sha256:6df895598c0edcb41030126c89e0f353b07d93238116143b7405e937359736c4 \
    --hash=sha256:6e8172ddfcf5cf74b811d372b570b83c60bd2de87a6fbfbebdadb4a9bd9c6cbb \
    --hash=sha256:7354826bc6f8f69402e9b7fe28d15fcd34feebd74f856f111585c5b0c9fb0251 \
    --hash=sha256:7587f53dfbd5edc0f7b87c6217b4c6d2d1f2ef9c3da70bc1315e7db5f8d7ec9d \
    --hash=sha256:77843ca236b777e67f8d6b3660ea116e499612703a0ecd7093f316201eb9d8e2 \
    --hash=sha256:7999d4ddb0c4025018373fd787510d46e04c769467af22869707b3c1cfd459ab \
    --hash=sha256:85aaccb24182c25df891ad0ec333585967e115269d5f1b17f2c9ae005bc96657 \
    --hash=sha256:8e4cb9a754c8a0c62eaa88273a5fba3391f4a610d1dee893c0755da31c083f15 \
    --hash=sha256:8ee9c4eeb8454b3660a8b53493563c3e121c2fc94fbd72b848ef814ed7b676a9 \
    --hash=sha256:9a0731745a72a184490a582fb4af2533512bd071ace67785b5fdffc0ae58dce8 \
    --hash=sha256:9e9413326d726c2545bfa65d2c0876871e8d8386e77f992c1d426e180bbd4323 \
    --hash=sha256:a610dc7e3c52edd39c2bc2375ff9c3fd59cb3ad00e4472d36f83bc1457145788 \
    --hash=sha256:a839318485284a6fb31be4f8f2c91c8f2cb22f4543c4a8903f12b0671ffe07cc \
    --hash=sha256:afb3f0632d6b2e3ba04dbce8d1e48d321b369138b73830b5ca371a0e8d479d56 \
    --hash=sha256:b879fb674276e331513fb136b78dbc6bd3c848309e0d841cfd63be3896c4cfc1 \
    --hash=sha256:b9727f472d2f3888053b8a75ab0cb94745a9de224bb5846dbadc0092101bc71d \
    --hash=sha256:ba0a474801b8dc67b66bf465548abc90e82b44d2611b5770f33008dcabffe8ec \
    --hash=sha256:bd68ece1553d2023c09a4226d9e41c586ad2d20594d1a456186c33513d2cb3f2 \
    --hash=sha256:c081cbe16ba1ab53078e5ff29013621e33c509eedab055775d956427712c236e \
    --hash=sha256:c1f017dc0875c9209d219f97feceb7d54c2661bb243deb4114478e1295808af7 \
    --hash=sha256:cebc2d6dbb605a7703d59751dea4bd6b0ab127a5a4338a6f432df1936fef8b26 \
    --hash=sha256:cf7de32f486e4ac9e2d93b810f9e9ac72a728dd46a32a0bb403222f27f653514 \
    --hash=sha256:d482d171c406ae88c5b19cad3b6a1c4c5209f886ab74bc44c2c865c23f52d860 \
    --hash=sha256:d6a48072864e3324e194a8fbb3c657bcc5b5c869dbc64c9537b1d5c862572c0a \
    --hash=sha256:d787cf769c3baeb5f6235e778edb52c08dfa923789b5958f28e6450f96107cb1 \
    --hash=sha256:dc649493697006bc90614a5f0bbc8cb3cb1866715c474e473694968d7e6b99ab \
    --hash=sha256:ddf47472af2e4280d79bac82304f5e80150211f1b9e614b760061d5fdfbb6eba \
    --hash=sha256:e5651f3f87add730ee6608d915009e19c911fba0cb000c7e3ea994b7d768eb12 \
    --hash=sha256:e79aba74ffaf5f78a050d777c184cddf8fdffabab38acf5f3ef1fecbc17895d6 \
    --hash=sha256:eaa088384c46f519dacb93b7ec483a6d6b19a4a2085ae4f25ab9b1c43d387d1e \
    --hash=sha256:eaca7ff36f0f52e2111ec71f169d8fd3e889e7ddc0d2592e0d703fd8d3ce8fac \
    --hash=sha256:f06571a052127dc1b4e8b83029b4d1b20daa2b64a31cdd181fc6bc774e9000eb \
    --hash=sha256:fd0d703772bba096843785bd38371e31bb4a0c1151497ad5739d182114a73f7f
    # via pandas
pandas==3.0.5 \
    --hash=sha256:08d24fe11a17dc33bd6e937dc9c665f9cba08fbdc9f657f405713515febe300d \
    --hash=sha256:0d298e951f23016ce4699951d044ae6418dbc91bf68cefca0f77666fcbb4e5c6 \
    --hash=sha256:0fac0010c75e4efb6b99e249c183a8993ce0dc95c240f9b120a5e67c727b7928 \
    --hash=sha256:1c10461f6eeb35d8f05b6184c65c8b9991663b66c46b1d559b682cb34ae7c6ea \
    --hash=sha256:25ff585b972a18ef1fe9ffa3ac6544d9950508aa76832e5147640b6022821e49 \
    --hash=sha256:2946e77e4a53cd248cbde631a12f0e51c8324ce354c3eba4d20147c1ad6f4282 \
    --hash=sha256:2a29c53d85ea98c5e792c59ef82ee9fbe6ca902c0d0adb6b23f45ef894cd7bf6 \
    --hash=sha256:2c0cf1dd9b55a22d105fc46c1b489af3bd42264fcba7c66297bf47a9a1d9c78a \
    --hash=sha256:2f264fc46911cc8131a7322a16199bbf8e353d27c10bb211f5bd0c814324dc36 \
    --hash=sha256:303da736987d481074ca720ada325f8bd80c64ebc2d45ed79b29df3aaa4a26ca \
    --hash=sha256:3b2801bbb049d0136f6c213eae02b5fca969384fc2064dd728d8620552aa49da \
    --hash=sha256:3c5015fd1730fbf883647e88068176c839c102cea883ba1769a6f4593bfc1f8c \
    --hash=sha256:3c5ed2e7c06e91d340dfd091d7934f9bc82e4a36b95f647f090b9d1c9ac649da \
    --hash=sha256:4b11c36e218331d0387cbe3a0a5f75162357a1d92d57b2b08a336ff94b19b2be \
    --hash=sha256:5183427f5a8156d480f30333777bc978be93650a49a7c01db26adffe95b31e85 \
    --hash=sha256:53730687fcd161883b24e10411c06d6a4c0f2275d2faf3bb2bc25deb4ba8007c \
    --hash=sha256:66266d3442a5e8b3c90274c2b8b230bee42dd1c286bc822cc2f9f2c7e12b883e \
    --hash=sha256:679f4e85b30ddb1515458ab1e788d3e260eae369b1f78da7a3aa4cac8ebf4a2a \
    --hash=sha256:71ecc8fb7ed1a7aa4392316b5309a6347e8e7f832f38fd897846b3a1457a9298 \
    --hash=sha256:73fa87b08a7ef706f8aafda39ddaccf2a99047bea62d8c88a0361bcafb2237bc \
    --hash=sha256:80a611068e8a3ac23f7398c6c14eb46dc974e5cc9997f653e2dcfd1da74edd41 \
    --hash=sha256:960d3ebcf249f75206899fcd2c6de53f736b7265759ced0d3e559df0b8b709b0 \
    --hash=sha256:9e94c2c5ca43bd3ca32bf64d32308887b65e5f9bfd8023ea52755107a999f93b \
    --hash=sha256:a5ad3b02ed6bc7d7ae9b70804b2c6aa31827489d150f8e623ce82491b82085d7 \
    --hash=sha256:b1261758dfb6cf12c3cff8300e21cefad30e7ec709abb4c24ac7318e6a52462a \
    --hash=sha256:b173f5951ff6b8b0ec7675e20dff3c97b7e7a57dfcce387c2d7c5afe87cb7899 \
    --hash=sha256:b2acb4650527eec6822c3dadb2b771277b65e7dae7a267d4bccf65fd1bb3fbce \
    --hash=sha256:b58b1b39d46a5862e3fb18f50d1a201398619d16a0f9f73f57eea5583cf0e63c \
    --hash=sha256:b86765f268b56f7e665b93bce9d5df69dee7f99e595cf8fb839483ab315942a3 \
    --hash=sha256:c1c05a767fe8e5b4fe9e1c29806829c582052eaedb9120a3da83ba3f69e24a5b \
    --hash=sha256:c2e26bb46934b8a2ca0c3de1d3d606fc5f6746584791b2db264d58cf370e08dc \
    --hash=sha256:c597ecf5616b5c420372c1d4d4c00dbbfba7398bea857dcc984347e1ea48417b \
    --hash=sha256:cce3a9d11d2b1f82c69a27ec1f4948a170e2c403c4bbfa8cca62e3fdebe2ef3a \
    --hash=sha256:cd8f7c6dc98527058ee6264219343f5392240a6f1bfa654fc5d79023020d0c92 \
    --hash=sha256:cf52e1f61d229496da17dc7ab54acdee627357e7008fd4fecba3d0ba2937fa58 \
    --hash=sha256:d373ce03ffd84010ed9839fa73672a9c8256990532e158440c0085db7d914b34 \
    --hash=sha256:db172144bb56422bd157812f3b021eacc255451470b31e2c633c349490a1cfee \
    --hash=sha256:dca3734d6ab7c906e6730f0788b0a1dbb9f2467731f9711f77995c8e9d62d712 \
    --hash=sha256:e2759e890db96dfcffdbd9b86c3c2cb6afaf58def482820317e06163ec1066cd \
    --hash=sha256:e819dd5f62966b481a8cb649d3299ebd886a1ea91ed5a99bf7ce77c98d18ab94 \
    --hash=sha256:ef01af4d8dc6cd2c8d6c7736f149574ef93fe043811eeb5e445f2647154b5040 \
    --hash=sha256:fa290c16964d4963fbfbc358928239cf3bd755b20e988ce944877def2f44471d
    # via pymilvus
protobuf==7.36.1 \
    --hash=sha256:0b53ce95272aad50ad25d7ff03373743209822e8ba42ea7fad27d2bee1547d00 \
    --hash=sha256:39c518c05586c016d7874ff6079ee115bcec1ea5fbb1d177fbf7867ef4c67e44 \
    --hash=sha256:3cf2ee25d006cee57294a1196ea43b37feb78e0dcd1e8af5c1aeddb777655aca \
    --hash=sha256:43d3d37b1eb24c113b9b7d02008cac44e423f00b611b7781ae998d7623972969 \
    --hash=sha256:51139351435d9b43d88a55eaa49fb6f737fbb478fb0cbf2cf694d1a04a9d3363 \
    --hash=sha256:7d951e46b3f963d6c264c367c437921de9d5aedd9c3f9612b9077736b4e3ad5c \
    --hash=sha256:97198b77e369a0abd8e262b8f6c7266c55ddb796a3a12c76d7b8881188ed83aa \
    --hash=sha256:d0f6470f0ce2b84e3feaea2d4b816378b37ba4d4aa08a274305373de93e2d524
    # via pymilvus
pymilvus==2.5.18 \
    --hash=sha256:1b78badcfa8d62db7d0b29193fc0422e4676873ff1c745a9d75c2c885d7a7e32 \
    --hash=sha256:9e517076068e98dac51c018bc0dfe1f651d936154e2e2d9ad6c7b3dab1164e2d
    # via -r ci/infra-requirements.in
pymysql==1.2.0 \
    --hash=sha256:62169ce6d5510f08e140c5e7990ee884a9764024e4a9a27b2cc11f1099322ae0 \
    --hash=sha256:6c7b17ca686988104d7426c27895b455cdeea3e9d3ceb1270f0c3704fead8c33
    # via -r ci/infra-requirements.in
python-dateutil==2.9.0.post0 \
    --hash=sha256:37dd54208da7e1cd875388217d5e00ebd4179249f90fb72437e91a35459a0ad3 \
    --hash=sha256:a8b2bc7bffae282281c8140a97d3aa9c14da0b136dfe83f850eea9a5f7470427
    # via
    #   botocore
    #   pandas
python-dotenv==1.2.3 \
    --hash=sha256:904552145e8bfed22162c09dab1c2b9b54fefa7b23ba780f4f26ca0316b0f0d9 \
    --hash=sha256:a20a594dabeaa385725aa239d5244871c143ecb356add8a20fcf23773a6c3a35
    # via pymilvus
redis==8.1.0 \
    --hash=sha256:6e1a19beef9225c83efd689c7e6b7da2d5215b1f42cd13b7fc3714d0a09c7b25 \
    --hash=sha256:a4fe1aac3d3b3cc791d4b3d5931c5a956045dc951ee74d1c913ee3ac4d2ee9fb
    # via -r ci/infra-requirements.in
s3transfer==0.19.2 \
    --hash=sha256:ba0309fd86be3c27dbf78cdd813c13c5e1df16e5874b99d2535ebbdfb9892993 \
    --hash=sha256:d8168eccca828cbb2cd573675333f3bddd254313a9c42494b84c76b539e8ba25
    # via boto3
setuptools==84.0.0 \
    --hash=sha256:51a52592b3b99e102b609654876bd65f19f999935166d1352678931132b0c670 \
    --hash=sha256:f4695c21257f0d9b537ec2692c941d02ee143b7cc1276941349a546573b2ef73
    # via pymilvus
six==1.17.0 \
    --hash=sha256:4721f391ed90541fddacab5acf947aa0d3dc7d27b2e1e8eda2be8970586c3274 \
    --hash=sha256:ff70335d468e7eb6ec65b95b99d3a2836546063f63acc5171de367e834932a81
    # via python-dateutil
typing-extensions==4.16.0 \
    --hash=sha256:481caa481374e813c1b176ada14e97f1f67a4539ce9cfeb3f350d78d6370c2e8 \
    --hash=sha256:dc983d19a509c94dba722ee6abd33940f7c05a89e243c47e907eb4db6f1a43e5
    # via grpcio
tzdata==2026.3 \
    --hash=sha256:4a1518b8993086a7982523e071643f3c0e5f213e75b21318e78bcabfff9d1415 \
    --hash=sha256:dc096730c87af6cab1b171c9d532be840741ff5d459015e7f6947bd7d7e54931
    # via pandas
ujson==6.0.0 \
    --hash=sha256:02148bd4706f42b063bb95f6cc309e16554fb4c250db4683688c0a3eb83048ad \
    --hash=sha256:03a385e523f67dec6d4dad0970f20a080cad045b56d9a3564d07807090a9c106 \
    --hash=sha256:0a4edbeb091b195031a0e96fab005150340e383c095cac6b5c2b7dc8f55040b5 \
    --hash=sha256:0aa247eb50a52bb2190871ca8c2e0a96f8190bfdb1ebd68c70d1bf422f640b73 \
    --hash=sha256:0d6e29b91a0934ed9d22ee48aa91518523cd2ce1c6caee2810b439fb371b8439 \
    --hash=sha256:0dd8981828f6b515ba5e9f2473f433aa59bebe4784182b48695b71af52033b4f \
    --hash=sha256:0e94f0b95459caa6cb5e333baf6763bf1e7a96ea5e4f1ea7fbb0ad88e81a88ab \
    --hash=sha256:0eeef12ef46e129278b50ca4c66c6b35c318f2fd09346bacddf218ed378cc0bb \
    --hash=sha256:0f3eff1f93d9d1f0bd5eee35883b9c71ad9befcfcd0ddc7cd5862c69fba21cf6 \
    --hash=sha256:102ddbb1677540f0cae80cc36f5db9663a626c7b3bf872ed10f10fe72343a3c9 \
    --hash=sha256:1080587042cb19f9cfb08f289498d866ac5f93393b21006321dea331dbf62375 \
    --hash=sha256:108a9f3a635913d38a856e05007afc9b243929938939cd11576a3f5484925145 \
    --hash=sha256:15aa57f6d0dafccd20f282f46f6a8d721d46c73fd9474f5ba996e9adc48d3177 \
    --hash=sha256:1cda9f81e58120675dbaba7b254849ee59698e5dee83c4383a3c1a96ca92a679 \
    --hash=sha256:20eff4f1ea3b970b998bf111036404eb18e976d4919783f793e539370b8627cb \
    --hash=sha256:212191672712e5c40219d568c495a8a0bec526934eb87f16f30da78d962fe5ca \
    --hash=sha256:2145005321a4b175486dd890946b036bb8730e4e8e17744f5abce23ea014e024 \
    --hash=sha256:222389a616f6407eb40e1efa80a35c1ba468903e50a305faf425c26e3c32bdb9 \
    --hash=sha256:22eafdd4f8ee6fe2db0737285c75b15f7486dc53c07b09a4b3699c92c407c3e5 \
    --hash=sha256:28ac884b58c62eacdb6ac67284475b3f19b8160dbacb723956e67a0c11e45014 \
    --hash=sha256:2a09d4ea9ee60c023220195b229ce2688479dbdcf51630acdd54ee75b27c0c00 \
    --hash=sha256:2c5a1b422ebe9919a39c183543dff29edce76bac90080af5ceed51aeb6b60d0d \
    --hash=sha256:2dbe0b6d417b458164ccf1f59e081d6bd65c1fb2f626e0daeb6fb88c436f9643 \
    --hash=sha256:2e36269e715c8deea036d263557042e2598e79d52110233c1a623ed9e7c1cf0a \
    --hash=sha256:2f3c0a77235d7ffcce5c54b872fa25de4f14e6ffc159c62ad93b0a9ca98a1d20 \
    --hash=sha256:34c0403b485d8ddd86bd29d879cc9f72223579b57188b0a2bc07a8b06f8cfbdf \
    --hash=sha256:3b6494d29f7103a97d930cbd25f23fdc4d77e145a931e743660d697a200fd831 \
    --hash=sha256:3bd770b553bebc408b49d6fdb46efb1dc568368d949ac7813a07fcccaea044ae \
    --hash=sha256:3d56d408ccfb9b0e5c2b4ea687396df30ca42ebe2aedac88362069620ce65402 \
    --hash=sha256:455e6ae6c925eca6358110e665a31e5bbcf0a93dfe9822a26b954c9351de2c3f \
    --hash=sha256:4579b8c96824f65888d4a615463c2dc2b7db6c6f0c7f83ece2a58714fd1a8123 \
    --hash=sha256:4a69419253e9367281db03355eb55b5231eef5ff338bb816eb5926ee788faf48 \
    --hash=sha256:5376a8c14d0eaf80789bdb10e21ae12582cdf526eb921a47f57053ef08c63f8c \
    --hash=sha256:54ab6b66fa6f67dfa8234e109df132074e155af3b299ad83aab13ba4b6db9b3f \
    --hash=sha256:5919fe3109a08f8bd682a2ad1cec5cdeff7c1f563b812aba26e86b8b0ab05558 \
    --hash=sha256:593acfa0f36ada24e89c07147441fe364081fa1631db73ee55f40893c196e0b9 \
    --hash=sha256:5b3afbe992e2d1b8c1e4e7a0da2c77da23f29545e5ba695a4a9241702234f20e \
    --hash=sha256:619b2152aa77c57a535e3e7eaf88ec8e25beac6d380378b2ade10362cce50f75 \
    --hash=sha256:63b56e3fcccc339e2c1332e75adc779bd145964e1a47a39a229fa01b2e25618a \
    --hash=sha256:63eefaa34abbe14167493710619b840d3fc167ba86e5fbe0c4a5eb01686aa3a0 \
    --hash=sha256:65bbea52c251b568268b61f9377bee867addc81c9b4c24da277b051ce16f6151 \
    --hash=sha256:65e0e0c21ead4d0087c9c65a82eb2446c4bd51d36388d41035ce773517e7a3bf \
    --hash=sha256:666a91606eeb47c997927ff294f3a9f8f930a02d0d2293ec7b19da5ed688f7ec \
    --hash=sha256:6759d1a9f8aa45dbe2fb3e49ef181e8e6dacca89c595c5ec007ab2b839235117 \
    --hash=sha256:683501475e3dfa935574bfd2b3d26f7393b4a880a745aeab63cc3d013027bba0 \
    --hash=sha256:68d623416ad997666bd8ea899b15554462b6250e803f4ce084c7dfd06a775314 \
    --hash=sha256:7168df25a051fd2a60f8d123b2123b60ead7c1f22cdd467ab7c2bba0fad0aec1 \
    --hash=sha256:7253ae5cac107d2940226a113165738630a98c19cdeaec1e6d6d6c3a7c307b95 \
    --hash=sha256:7a1472649bc9ef3b9ce3ab279e9e812368bfac25210b7ec96bd544767c019577 \
    --hash=sha256:7de7692f330c1ceaf6335ad8039d2fe9344d30ecb415e86ee719e9d5585b2077 \
    --hash=sha256:7e747c535d4ca9afdde31e034484a1020717fb18fa8a8faa789171abeb2ad1ff \
    --hash=sha256:801ff407fda799f4ff98d960342128b065a14113eaccfc116b50092342636861 \
    --hash=sha256:80e23393feb707582e0ad495c397a4477b646d08094d2df64f7316f9fafd8aae \
    --hash=sha256:8141cade37dabc5f090eb5e6a267eabb6b193078becdc82aaf10433196715c33 \
    --hash=sha256:83194e213d9df2f2aed1edb821689f99c0f7789bdee173125fda510282f61070 \
    --hash=sha256:83ed82fe4a17fd30796e65edeb46409f49e2794a33c0b6649d5194347f2412f0 \
    --hash=sha256:8604968307105c3229ce0170e70bf3f172cf96f73c978b1afbc3d0ec8bdfcf86 \
    --hash=sha256:868856ea75794d952c773c506bb638e2a692bc5a8095cefebdcd98f43c79e772 \
    --hash=sha256:88b237680c705fd37bacbaaa335106fecb234a47e1df0737d949b8e32c7eb5f9 \
    --hash=sha256:89b1962c30dc29ba99e522c4f2e39173961b6098328cfbcdad3f9f1c308dae89 \
    --hash=sha256:8af54166141d5c8ebeebc044c3569ef10edfcdf6fd8ecb487a2bf33c776ebc8f \
    --hash=sha256:8cd9f7203c0b2aaed66809edf7e66aa3ab0fe3402e87b69a43b9dfd8d33125ab \
    --hash=sha256:8d56340493496d50ccc41b460610c1ce6a197aac710733b5f36910e8c9f3ba6d \
    --hash=sha256:90f766c5f8e55de2fe65e4241e3e2e46ed7528e7931255a7ed0dfcb5ce622b15 \
    --hash=sha256:921408c159b01d39d70e90252b8ab17f16594fc91f229e6f881642fb0ed24ae7 \
    --hash=sha256:928d83b72808dc73a5df530b7fc27101052be1baf013a5dd75a1535de6cf107e \
    --hash=sha256:970f9ff27d12e089fa342379f52ea3f4aff6fbe8690aca9a1645c14aee5d08fb \
    --hash=sha256:97caee7e4c3e20dff9e6adca0b7443c3cf9d7546ed5d0750954c5bb5456bad86 \
    --hash=sha256:987e191700873419cc23d94d4212e57a85df24eebbe9a33785907b0c99a5a57a \
    --hash=sha256:9b59ead8dd9a96399cc38994d19720443a3cc626b730cbb4f414fb768b3e2816 \
    --hash=sha256:9d522e95bffac7338178757a7931b81639b9e0f2a3ee6e8c7ffdf867f2bfed36 \
    --hash=sha256:9ef1920b423effe2837351d19a2278d7a516404a07200cca30b881077a2d7877 \
    --hash=sha256:a054959ec07f2fd63b6e8a63019a6879262c4f1983a100545c5a0206eefe993e \
    --hash=sha256:a2e699d5f290f81829f42638f8bc6582e3e73452d8607edf749ad3e1843946fa \
    --hash=sha256:a38a21efd05384fb82d35bed81fac0ff6056ea39c3dee3c293885ce910879dd0 \
    --hash=sha256:a41209acca3ade45d27ed665a20f8d174d5bb10c3bf0881802f5215e3269fadb \
    --hash=sha256:aa03ac78c7806c6a391c037e0a63552e11532210b719bc062cddc00671a7577f \
    --hash=sha256:ab7b316bba31be494635dcc5db87e429f2478073d15d2c54925c32fd9e1947f4 \
    --hash=sha256:ad11c9153c775087d261634410da7cfaac2743d79bc9ab573177d9e3398f00c6 \
    --hash=sha256:ad8bdad17cfc64aefb049e53687ff8730a72e2c3d99edcb36001683122597846 \
    --hash=sha256:add6b3827cbd6ce068ad70b1b890d44271801386a726e2bafe5bced784466642 \
    --hash=sha256:aea27aa0927b0423a0cfb167bd505c2dc59d1df65c66372204e43ba94fc964a8 \
    --hash=sha256:af85ae40c71d422fad944aa8666d59374e4fa92f77899fce34b984037db41420 \
    --hash=sha256:b2ab962524adb39dbad565fd259e15a1c26b8944fa978c24ed6dea5ab1eeefd0 \
    --hash=sha256:b305657e2ddc29a50b333053e7c7f431a8c24c92b7dcbbf7a420f2330152b486 \
    --hash=sha256:b3967550c8952bc516c79c40726a54313aceeb3162a8d5cc655362ab83d0957c \
    --hash=sha256:b8bd6743ad58fe6067ea1677d5df4674bd7de143b038bcd4129c3a6ced483ae8 \
    --hash=sha256:b8d019e935e4f8d6493690036161e62fae033891b71f20d238342ae266fec852 \
    --hash=sha256:bbe0374e18beadac588f47e10cd14cf8b06395dc982062b643c5e3690355bfe3 \
    --hash=sha256:bc6df52a60b521c7b7d69de0c14856397d3cce1e39aa22cfe439c350d6f52524 \
    --hash=sha256:bde35c0d6b5a204990f43e4ab43b6e3e4d5a1de773246e11d518945e3ba789ed \
    --hash=sha256:c2c670cd7aaad2a3bff450addb32b26aa831f82a8b6c2c875ec19bb282a6c45d \
    --hash=sha256:c3e26771a0759d213e60c885012e1f75ad84897f3d6b56b65092fbc93615bc24 \
    --hash=sha256:c51915961a51e37403fd94114e293d580dd916ddd1961b229217a87193d2454e \
    --hash=sha256:c5d13a4ccf3fc9a00fb4e8cae818ad7ecf33f210d8098fecbfc087ff43573544 \
    --hash=sha256:c626f68524a19f50d9a9babc17f9c379d1b2a9f2a3da5ac3c40a205cc736259f \
    --hash=sha256:cca83e86a300db6c72847bc7acc259bf86481063aea408b07c8a96d649797b7f \
    --hash=sha256:cd835565b660ca125f5895105981d691c708c15367b88a69fa4d92ddbe24504a \
    --hash=sha256:cea0a63173e4ae98cd960f484096233da76a62550ac10c53312a69ad9f3545b1 \
    --hash=sha256:d2e29a0dd1d33e49623d4c69bfa7e6d3d5c7530cf42bebe612cff965acffd1a9 \
    --hash=sha256:d4a731cc7cd513bf4c4016a24a060fb1aa8475e8682e1f8b1bfb836f8d3f50f0 \
    --hash=sha256:d7945560fc6ce687ea83aa0bc375aa8a1101d9eee1fcbd085c5e0a5b6c6ac8ad \
    --hash=sha256:dae3765f731779faa947715485f6794bc5984802be4584478a3e9e5143dd62e1 \
    --hash=sha256:dc8510c8b5b8373e0789ca05ebffc0aaab6e8a8f86d67956c91bc37f43d4f989 \
    --hash=sha256:dd55ca435d6c3c7e4cb6d8a0a98a133d4fd1b67d9abf90449442d9f5a728a9ff \
    --hash=sha256:dfceda99f3105e9e6fce8dfd157f80894ad20247dc9ffce368c8b7883e7a2aac \
    --hash=sha256:e0652b2110fc374c766cdfca4fad61f9d13a0ad60c5b335ef3fed509374557bc \
    --hash=sha256:e1fa46cb8ddbfba2adf8277b8225e2ebf5bae435e2251c730c17bc0020f63c5e \
    --hash=sha256:e6926204905e1a2f278bacf92ff2fe31343bcc7fb9ff08fdd42be66b3a217ef0 \
    --hash=sha256:e9359bfd0efd12593f0db40ccb2d1497284401da207f1d6a1783718313201b21 \
    --hash=sha256:e9f1625d047d011804a3dde0b8c5099ca2230224ca6b17f13a97b5531799c3aa \
    --hash=sha256:ec570979304a529a8be1bf9ea28889742a2ff5de9af1c6734584dfe1645da3e6 \
    --hash=sha256:ee87d8c4a4ebbef1c7cb2cf251a1d77726ef06a1597ed04d3dce92709b8fe0f1 \
    --hash=sha256:f9d26982045b28db1937ac60682a9940fdb72f9cab3421a5d56c03f2207c99e9 \
    --hash=sha256:fb37ec7d7542e2f23fd7ca8fd034c8db7221c5e86d6a6a3a170711f993eecf15 \
    --hash=sha256:fbae9b1a4d70e2283d71a0b66db2a91eb1a2cefaf370e47eff3a79f8ece7148d \
    --hash=sha256:fc115cca04dbdfd98a67ec89ba5ffd8a87f3201171af54980cfd550997611c41 \
    --hash=sha256:fd26d4b182b7138fc948cda55fe2e91b70d987731e169e628f42ba22cc6e3cce \
    --hash=sha256:ff3b33d8c8dbbe32936d2056296324371a07ed0b29177e2eb8ec46569436817f
    # via pymilvus
urllib3==2.7.0 \
    --hash=sha256:231e0ec3b63ceb14667c67be60f2f2c40a518cb38b03af60abc813da26505f4c \
    --hash=sha256:9fb4c81ebbb1ce9531cce37674bbc6f1360472bc18ca9a553ede278ef7276897
    # via botocore
